Microsoft Visual Studio Solution File, Format Version 12.00
# Visual Studio 16
Project("{2150E333-8FDC-42A3-9474-1A3956D46DE8}") = "CMakePredefinedTargets", "CMakePredefinedTargets", "{7CAC70AE-BF86-3FE3-800A-66E364028484}"
EndProject
Project("{2150E333-8FDC-42A3-9474-1A3956D46DE8}") = "app", "app", "{209AD659-5F1F-3906-8087-7F64C1F9C6C6}"
EndProject
Project("{2150E333-8FDC-42A3-9474-1A3956D46DE8}") = "lib", "lib", "{40BAB6E6-57E1-305A-97A5-1468827F0FBE}"
EndProject
Project("{8BC9CEB8-8B4A-11D0-8D11-00A0C91BC942}") = "ALL_BUILD", "ALL_BUILD.vcxproj", "{7F085996-D9D2-3FFE-8D47-264037C1D0D8}"
	ProjectSection(ProjectDependencies) = postProject
		{6E0555BD-271A-3749-A7CE-EFC61253F4E2} = {6E0555BD-271A-3749-A7CE-EFC61253F4E2}
		{22251AEE-F6A4-383D-8317-D397F4638E7F} = {22251AEE-F6A4-383D-8317-D397F4638E7F}
		{F91A8E8E-AAFB-3F0A-BB73-60AF2637CE09} = {F91A8E8E-AAFB-3F0A-BB73-60AF2637CE09}
		{604DF482-2DF0-33B4-9758-6ED4A1C6D2DB} = {604DF482-2DF0-33B4-9758-6ED4A1C6D2DB}
		{77CE103B-279F-37DA-A3C1-D55736375636} = {77CE103B-279F-37DA-A3C1-D55736375636}
		{313C42BE-D091-3CE0-B2EA-9F5EDACB4089} = {313C42BE-D091-3CE0-B2EA-9F5EDACB4089}
		{D012D4E6-1455-3035-83E3-DA287455E51B} = {D012D4E6-1455-3035-83E3-DA287455E51B}
		{533B7739-1A42-3464-AD36-AD68B5DD7D98} = {533B7739-1A42-3464-AD36-AD68B5DD7D98}
		{10DD5CDF-54A6-30C6-82A1-FC36B106278F} = {10DD5CDF-54A6-30C6-82A1-FC36B106278F}
		{617038B3-EC14-39E8-A1F1-FBBEA3EB8EAF} = {617038B3-EC14-39E8-A1F1-FBBEA3EB8EAF}
		{BFEC940F-7601-3BB0-B134-7C14103E3A02} = {BFEC940F-7601-3BB0-B134-7C14103E3A02}
		{4DB6B9FE-65BA-3881-9A49-3EBC4209FAA0} = {4DB6B9FE-65BA-3881-9A49-3EBC4209FAA0}
		{C149EA0F-0CCC-3A4E-9708-8276FCEB419B} = {C149EA0F-0CCC-3A4E-9708-8276FCEB419B}
		{1923EFC8-BD20-387C-BE48-9CC551E35166} = {1923EFC8-BD20-387C-BE48-9CC551E35166}
	EndProjectSection
EndProject
Project("{8BC9CEB8-8B4A-11D0-8D11-00A0C91BC942}") = "BitstreamExtractorApp", "source\App\BitstreamExtractorApp\BitstreamExtractorApp.vcxproj", "{6E0555BD-271A-3749-A7CE-EFC61253F4E2}"
	ProjectSection(ProjectDependencies) = postProject
		{F91A8E8E-AAFB-3F0A-BB73-60AF2637CE09} = {F91A8E8E-AAFB-3F0A-BB73-60AF2637CE09}
		{D012D4E6-1455-3035-83E3-DA287455E51B} = {D012D4E6-1455-3035-83E3-DA287455E51B}
		{10DD5CDF-54A6-30C6-82A1-FC36B106278F} = {10DD5CDF-54A6-30C6-82A1-FC36B106278F}
		{4DB6B9FE-65BA-3881-9A49-3EBC4209FAA0} = {4DB6B9FE-65BA-3881-9A49-3EBC4209FAA0}
		{C149EA0F-0CCC-3A4E-9708-8276FCEB419B} = {C149EA0F-0CCC-3A4E-9708-8276FCEB419B}
	EndProjectSection
EndProject
Project("{8BC9CEB8-8B4A-11D0-8D11-00A0C91BC942}") = "CommonAnalyserLib", "source\Lib\CommonAnalyserLib\CommonAnalyserLib.vcxproj", "{22251AEE-F6A4-383D-8317-D397F4638E7F}"
	ProjectSection(ProjectDependencies) = postProject
		{C149EA0F-0CCC-3A4E-9708-8276FCEB419B} = {C149EA0F-0CCC-3A4E-9708-8276FCEB419B}
	EndProjectSection
EndProject
Project("{8BC9CEB8-8B4A-11D0-8D11-00A0C91BC942}") = "CommonLib", "source\Lib\CommonLib\CommonLib.vcxproj", "{F91A8E8E-AAFB-3F0A-BB73-60AF2637CE09}"
	ProjectSection(ProjectDependencies) = postProject
		{C149EA0F-0CCC-3A4E-9708-8276FCEB419B} = {C149EA0F-0CCC-3A4E-9708-8276FCEB419B}
	EndProjectSection
EndProject
Project("{8BC9CEB8-8B4A-11D0-8D11-00A0C91BC942}") = "DecoderAnalyserApp", "source\App\DecoderAnalyserApp\DecoderAnalyserApp.vcxproj", "{604DF482-2DF0-33B4-9758-6ED4A1C6D2DB}"
	ProjectSection(ProjectDependencies) = postProject
		{22251AEE-F6A4-383D-8317-D397F4638E7F} = {22251AEE-F6A4-383D-8317-D397F4638E7F}
		{77CE103B-279F-37DA-A3C1-D55736375636} = {77CE103B-279F-37DA-A3C1-D55736375636}
		{4DB6B9FE-65BA-3881-9A49-3EBC4209FAA0} = {4DB6B9FE-65BA-3881-9A49-3EBC4209FAA0}
		{C149EA0F-0CCC-3A4E-9708-8276FCEB419B} = {C149EA0F-0CCC-3A4E-9708-8276FCEB419B}
	EndProjectSection
EndProject
Project("{8BC9CEB8-8B4A-11D0-8D11-00A0C91BC942}") = "DecoderAnalyserLib", "source\Lib\DecoderAnalyserLib\DecoderAnalyserLib.vcxproj", "{77CE103B-279F-37DA-A3C1-D55736375636}"
	ProjectSection(ProjectDependencies) = postProject
		{22251AEE-F6A4-383D-8317-D397F4638E7F} = {22251AEE-F6A4-383D-8317-D397F4638E7F}
		{C149EA0F-0CCC-3A4E-9708-8276FCEB419B} = {C149EA0F-0CCC-3A4E-9708-8276FCEB419B}
	EndProjectSection
EndProject
Project("{8BC9CEB8-8B4A-11D0-8D11-00A0C91BC942}") = "DecoderApp", "source\App\DecoderApp\DecoderApp.vcxproj", "{313C42BE-D091-3CE0-B2EA-9F5EDACB4089}"
	ProjectSection(ProjectDependencies) = postProject
		{F91A8E8E-AAFB-3F0A-BB73-60AF2637CE09} = {F91A8E8E-AAFB-3F0A-BB73-60AF2637CE09}
		{D012D4E6-1455-3035-83E3-DA287455E51B} = {D012D4E6-1455-3035-83E3-DA287455E51B}
		{4DB6B9FE-65BA-3881-9A49-3EBC4209FAA0} = {4DB6B9FE-65BA-3881-9A49-3EBC4209FAA0}
		{C149EA0F-0CCC-3A4E-9708-8276FCEB419B} = {C149EA0F-0CCC-3A4E-9708-8276FCEB419B}
	EndProjectSection
EndProject
Project("{8BC9CEB8-8B4A-11D0-8D11-00A0C91BC942}") = "DecoderLib", "source\Lib\DecoderLib\DecoderLib.vcxproj", "{D012D4E6-1455-3035-83E3-DA287455E51B}"
	ProjectSection(ProjectDependencies) = postProject
		{F91A8E8E-AAFB-3F0A-BB73-60AF2637CE09} = {F91A8E8E-AAFB-3F0A-BB73-60AF2637CE09}
		{C149EA0F-0CCC-3A4E-9708-8276FCEB419B} = {C149EA0F-0CCC-3A4E-9708-8276FCEB419B}
	EndProjectSection
EndProject
Project("{8BC9CEB8-8B4A-11D0-8D11-00A0C91BC942}") = "EncoderApp", "source\App\EncoderApp\EncoderApp.vcxproj", "{533B7739-1A42-3464-AD36-AD68B5DD7D98}"
	ProjectSection(ProjectDependencies) = postProject
		{F91A8E8E-AAFB-3F0A-BB73-60AF2637CE09} = {F91A8E8E-AAFB-3F0A-BB73-60AF2637CE09}
		{D012D4E6-1455-3035-83E3-DA287455E51B} = {D012D4E6-1455-3035-83E3-DA287455E51B}
		{10DD5CDF-54A6-30C6-82A1-FC36B106278F} = {10DD5CDF-54A6-30C6-82A1-FC36B106278F}
		{4DB6B9FE-65BA-3881-9A49-3EBC4209FAA0} = {4DB6B9FE-65BA-3881-9A49-3EBC4209FAA0}
		{C149EA0F-0CCC-3A4E-9708-8276FCEB419B} = {C149EA0F-0CCC-3A4E-9708-8276FCEB419B}
	EndProjectSection
EndProject
Project("{8BC9CEB8-8B4A-11D0-8D11-00A0C91BC942}") = "EncoderLib", "source\Lib\EncoderLib\EncoderLib.vcxproj", "{10DD5CDF-54A6-30C6-82A1-FC36B106278F}"
	ProjectSection(ProjectDependencies) = postProject
		{F91A8E8E-AAFB-3F0A-BB73-60AF2637CE09} = {F91A8E8E-AAFB-3F0A-BB73-60AF2637CE09}
		{C149EA0F-0CCC-3A4E-9708-8276FCEB419B} = {C149EA0F-0CCC-3A4E-9708-8276FCEB419B}
	EndProjectSection
EndProject
Project("{8BC9CEB8-8B4A-11D0-8D11-00A0C91BC942}") = "SEIRemovalApp", "source\App\SEIRemovalApp\SEIRemovalApp.vcxproj", "{617038B3-EC14-39E8-A1F1-FBBEA3EB8EAF}"
	ProjectSection(ProjectDependencies) = postProject
		{F91A8E8E-AAFB-3F0A-BB73-60AF2637CE09} = {F91A8E8E-AAFB-3F0A-BB73-60AF2637CE09}
		{D012D4E6-1455-3035-83E3-DA287455E51B} = {D012D4E6-1455-3035-83E3-DA287455E51B}
		{4DB6B9FE-65BA-3881-9A49-3EBC4209FAA0} = {4DB6B9FE-65BA-3881-9A49-3EBC4209FAA0}
		{C149EA0F-0CCC-3A4E-9708-8276FCEB419B} = {C149EA0F-0CCC-3A4E-9708-8276FCEB419B}
	EndProjectSection
EndProject
Project("{8BC9CEB8-8B4A-11D0-8D11-00A0C91BC942}") = "StreamMergeApp", "source\App\StreamMergeApp\StreamMergeApp.vcxproj", "{BFEC940F-7601-3BB0-B134-7C14103E3A02}"
	ProjectSection(ProjectDependencies) = postProject
		{F91A8E8E-AAFB-3F0A-BB73-60AF2637CE09} = {F91A8E8E-AAFB-3F0A-BB73-60AF2637CE09}
		{D012D4E6-1455-3035-83E3-DA287455E51B} = {D012D4E6-1455-3035-83E3-DA287455E51B}
		{10DD5CDF-54A6-30C6-82A1-FC36B106278F} = {10DD5CDF-54A6-30C6-82A1-FC36B106278F}
		{4DB6B9FE-65BA-3881-9A49-3EBC4209FAA0} = {4DB6B9FE-65BA-3881-9A49-3EBC4209FAA0}
		{C149EA0F-0CCC-3A4E-9708-8276FCEB419B} = {C149EA0F-0CCC-3A4E-9708-8276FCEB419B}
	EndProjectSection
EndProject
Project("{8BC9CEB8-8B4A-11D0-8D11-00A0C91BC942}") = "Utilities", "source\Lib\Utilities\Utilities.vcxproj", "{4DB6B9FE-65BA-3881-9A49-3EBC4209FAA0}"
	ProjectSection(ProjectDependencies) = postProject
		{C149EA0F-0CCC-3A4E-9708-8276FCEB419B} = {C149EA0F-0CCC-3A4E-9708-8276FCEB419B}
	EndProjectSection
EndProject
Project("{8BC9CEB8-8B4A-11D0-8D11-00A0C91BC942}") = "ZERO_CHECK", "ZERO_CHECK.vcxproj", "{C149EA0F-0CCC-3A4E-9708-8276FCEB419B}"
	ProjectSection(ProjectDependencies) = postProject
	EndProjectSection
EndProject
Project("{8BC9CEB8-8B4A-11D0-8D11-00A0C91BC942}") = "parcat", "source\App\Parcat\parcat.vcxproj", "{1923EFC8-BD20-387C-BE48-9CC551E35166}"
	ProjectSection(ProjectDependencies) = postProject
		{F91A8E8E-AAFB-3F0A-BB73-60AF2637CE09} = {F91A8E8E-AAFB-3F0A-BB73-60AF2637CE09}
		{D012D4E6-1455-3035-83E3-DA287455E51B} = {D012D4E6-1455-3035-83E3-DA287455E51B}
		{4DB6B9FE-65BA-3881-9A49-3EBC4209FAA0} = {4DB6B9FE-65BA-3881-9A49-3EBC4209FAA0}
		{C149EA0F-0CCC-3A4E-9708-8276FCEB419B} = {C149EA0F-0CCC-3A4E-9708-8276FCEB419B}
	EndProjectSection
EndProject
Global
	GlobalSection(SolutionConfigurationPlatforms) = preSolution
		Debug|x64 = Debug|x64
		Release|x64 = Release|x64
		MinSizeRel|x64 = MinSizeRel|x64
		RelWithDebInfo|x64 = RelWithDebInfo|x64
	EndGlobalSection
	GlobalSection(ProjectConfigurationPlatforms) = postSolution
		{7F085996-D9D2-3FFE-8D47-264037C1D0D8}.Debug|x64.ActiveCfg = Debug|x64
		{7F085996-D9D2-3FFE-8D47-264037C1D0D8}.Release|x64.ActiveCfg = Release|x64
		{7F085996-D9D2-3FFE-8D47-264037C1D0D8}.MinSizeRel|x64.ActiveCfg = MinSizeRel|x64
		{7F085996-D9D2-3FFE-8D47-264037C1D0D8}.RelWithDebInfo|x64.ActiveCfg = RelWithDebInfo|x64
		{6E0555BD-271A-3749-A7CE-EFC61253F4E2}.Debug|x64.ActiveCfg = Debug|x64
		{6E0555BD-271A-3749-A7CE-EFC61253F4E2}.Debug|x64.Build.0 = Debug|x64
		{6E0555BD-271A-3749-A7CE-EFC61253F4E2}.Release|x64.ActiveCfg = Release|x64
		{6E0555BD-271A-3749-A7CE-EFC61253F4E2}.Release|x64.Build.0 = Release|x64
		{6E0555BD-271A-3749-A7CE-EFC61253F4E2}.MinSizeRel|x64.ActiveCfg = MinSizeRel|x64
		{6E0555BD-271A-3749-A7CE-EFC61253F4E2}.MinSizeRel|x64.Build.0 = MinSizeRel|x64
		{6E0555BD-271A-3749-A7CE-EFC61253F4E2}.RelWithDebInfo|x64.ActiveCfg = RelWithDebInfo|x64
		{6E0555BD-271A-3749-A7CE-EFC61253F4E2}.RelWithDebInfo|x64.Build.0 = RelWithDebInfo|x64
		{22251AEE-F6A4-383D-8317-D397F4638E7F}.Debug|x64.ActiveCfg = Debug|x64
		{22251AEE-F6A4-383D-8317-D397F4638E7F}.Debug|x64.Build.0 = Debug|x64
		{22251AEE-F6A4-383D-8317-D397F4638E7F}.Release|x64.ActiveCfg = Release|x64
		{22251AEE-F6A4-383D-8317-D397F4638E7F}.Release|x64.Build.0 = Release|x64
		{22251AEE-F6A4-383D-8317-D397F4638E7F}.MinSizeRel|x64.ActiveCfg = MinSizeRel|x64
		{22251AEE-F6A4-383D-8317-D397F4638E7F}.MinSizeRel|x64.Build.0 = MinSizeRel|x64
		{22251AEE-F6A4-383D-8317-D397F4638E7F}.RelWithDebInfo|x64.ActiveCfg = RelWithDebInfo|x64
		{22251AEE-F6A4-383D-8317-D397F4638E7F}.RelWithDebInfo|x64.Build.0 = RelWithDebInfo|x64
		{F91A8E8E-AAFB-3F0A-BB73-60AF2637CE09}.Debug|x64.ActiveCfg = Debug|x64
		{F91A8E8E-AAFB-3F0A-BB73-60AF2637CE09}.Debug|x64.Build.0 = Debug|x64
		{F91A8E8E-AAFB-3F0A-BB73-60AF2637CE09}.Release|x64.ActiveCfg = Release|x64
		{F91A8E8E-AAFB-3F0A-BB73-60AF2637CE09}.Release|x64.Build.0 = Release|x64
		{F91A8E8E-AAFB-3F0A-BB73-60AF2637CE09}.MinSizeRel|x64.ActiveCfg = MinSizeRel|x64
		{F91A8E8E-AAFB-3F0A-BB73-60AF2637CE09}.MinSizeRel|x64.Build.0 = MinSizeRel|x64
		{F91A8E8E-AAFB-3F0A-BB73-60AF2637CE09}.RelWithDebInfo|x64.ActiveCfg = RelWithDebInfo|x64
		{F91A8E8E-AAFB-3F0A-BB73-60AF2637CE09}.RelWithDebInfo|x64.Build.0 = RelWithDebInfo|x64
		{604DF482-2DF0-33B4-9758-6ED4A1C6D2DB}.Debug|x64.ActiveCfg = Debug|x64
		{604DF482-2DF0-33B4-9758-6ED4A1C6D2DB}.Debug|x64.Build.0 = Debug|x64
		{604DF482-2DF0-33B4-9758-6ED4A1C6D2DB}.Release|x64.ActiveCfg = Release|x64
		{604DF482-2DF0-33B4-9758-6ED4A1C6D2DB}.Release|x64.Build.0 = Release|x64
		{604DF482-2DF0-33B4-9758-6ED4A1C6D2DB}.MinSizeRel|x64.ActiveCfg = MinSizeRel|x64
		{604DF482-2DF0-33B4-9758-6ED4A1C6D2DB}.MinSizeRel|x64.Build.0 = MinSizeRel|x64
		{604DF482-2DF0-33B4-9758-6ED4A1C6D2DB}.RelWithDebInfo|x64.ActiveCfg = RelWithDebInfo|x64
		{604DF482-2DF0-33B4-9758-6ED4A1C6D2DB}.RelWithDebInfo|x64.Build.0 = RelWithDebInfo|x64
		{77CE103B-279F-37DA-A3C1-D55736375636}.Debug|x64.ActiveCfg = Debug|x64
		{77CE103B-279F-37DA-A3C1-D55736375636}.Debug|x64.Build.0 = Debug|x64
		{77CE103B-279F-37DA-A3C1-D55736375636}.Release|x64.ActiveCfg = Release|x64
		{77CE103B-279F-37DA-A3C1-D55736375636}.Release|x64.Build.0 = Release|x64
		{77CE103B-279F-37DA-A3C1-D55736375636}.MinSizeRel|x64.ActiveCfg = MinSizeRel|x64
		{77CE103B-279F-37DA-A3C1-D55736375636}.MinSizeRel|x64.Build.0 = MinSizeRel|x64
		{77CE103B-279F-37DA-A3C1-D55736375636}.RelWithDebInfo|x64.ActiveCfg = RelWithDebInfo|x64
		{77CE103B-279F-37DA-A3C1-D55736375636}.RelWithDebInfo|x64.Build.0 = RelWithDebInfo|x64
		{313C42BE-D091-3CE0-B2EA-9F5EDACB4089}.Debug|x64.ActiveCfg = Debug|x64
		{313C42BE-D091-3CE0-B2EA-9F5EDACB4089}.Debug|x64.Build.0 = Debug|x64
		{313C42BE-D091-3CE0-B2EA-9F5EDACB4089}.Release|x64.ActiveCfg = Release|x64
		{313C42BE-D091-3CE0-B2EA-9F5EDACB4089}.Release|x64.Build.0 = Release|x64
		{313C42BE-D091-3CE0-B2EA-9F5EDACB4089}.MinSizeRel|x64.ActiveCfg = MinSizeRel|x64
		{313C42BE-D091-3CE0-B2EA-9F5EDACB4089}.MinSizeRel|x64.Build.0 = MinSizeRel|x64
		{313C42BE-D091-3CE0-B2EA-9F5EDACB4089}.RelWithDebInfo|x64.ActiveCfg = RelWithDebInfo|x64
		{313C42BE-D091-3CE0-B2EA-9F5EDACB4089}.RelWithDebInfo|x64.Build.0 = RelWithDebInfo|x64
		{D012D4E6-1455-3035-83E3-DA287455E51B}.Debug|x64.ActiveCfg = Debug|x64
		{D012D4E6-1455-3035-83E3-DA287455E51B}.Debug|x64.Build.0 = Debug|x64
		{D012D4E6-1455-3035-83E3-DA287455E51B}.Release|x64.ActiveCfg = Release|x64
		{D012D4E6-1455-3035-83E3-DA287455E51B}.Release|x64.Build.0 = Release|x64
		{D012D4E6-1455-3035-83E3-DA287455E51B}.MinSizeRel|x64.ActiveCfg = MinSizeRel|x64
		{D012D4E6-1455-3035-83E3-DA287455E51B}.MinSizeRel|x64.Build.0 = MinSizeRel|x64
		{D012D4E6-1455-3035-83E3-DA287455E51B}.RelWithDebInfo|x64.ActiveCfg = RelWithDebInfo|x64
		{D012D4E6-1455-3035-83E3-DA287455E51B}.RelWithDebInfo|x64.Build.0 = RelWithDebInfo|x64
		{533B7739-1A42-3464-AD36-AD68B5DD7D98}.Debug|x64.ActiveCfg = Debug|x64
		{533B7739-1A42-3464-AD36-AD68B5DD7D98}.Debug|x64.Build.0 = Debug|x64
		{533B7739-1A42-3464-AD36-AD68B5DD7D98}.Release|x64.ActiveCfg = Release|x64
		{533B7739-1A42-3464-AD36-AD68B5DD7D98}.Release|x64.Build.0 = Release|x64
		{533B7739-1A42-3464-AD36-AD68B5DD7D98}.MinSizeRel|x64.ActiveCfg = MinSizeRel|x64
		{533B7739-1A42-3464-AD36-AD68B5DD7D98}.MinSizeRel|x64.Build.0 = MinSizeRel|x64
		{533B7739-1A42-3464-AD36-AD68B5DD7D98}.RelWithDebInfo|x64.ActiveCfg = RelWithDebInfo|x64
		{533B7739-1A42-3464-AD36-AD68B5DD7D98}.RelWithDebInfo|x64.Build.0 = RelWithDebInfo|x64
		{10DD5CDF-54A6-30C6-82A1-FC36B106278F}.Debug|x64.ActiveCfg = Debug|x64
		{10DD5CDF-54A6-30C6-82A1-FC36B106278F}.Debug|x64.Build.0 = Debug|x64
		{10DD5CDF-54A6-30C6-82A1-FC36B106278F}.Release|x64.ActiveCfg = Release|x64
		{10DD5CDF-54A6-30C6-82A1-FC36B106278F}.Release|x64.Build.0 = Release|x64
		{10DD5CDF-54A6-30C6-82A1-FC36B106278F}.MinSizeRel|x64.ActiveCfg = MinSizeRel|x64
		{10DD5CDF-54A6-30C6-82A1-FC36B106278F}.MinSizeRel|x64.Build.0 = MinSizeRel|x64
		{10DD5CDF-54A6-30C6-82A1-FC36B106278F}.RelWithDebInfo|x64.ActiveCfg = RelWithDebInfo|x64
		{10DD5CDF-54A6-30C6-82A1-FC36B106278F}.RelWithDebInfo|x64.Build.0 = RelWithDebInfo|x64
		{617038B3-EC14-39E8-A1F1-FBBEA3EB8EAF}.Debug|x64.ActiveCfg = Debug|x64
		{617038B3-EC14-39E8-A1F1-FBBEA3EB8EAF}.Debug|x64.Build.0 = Debug|x64
		{617038B3-EC14-39E8-A1F1-FBBEA3EB8EAF}.Release|x64.ActiveCfg = Release|x64
		{617038B3-EC14-39E8-A1F1-FBBEA3EB8EAF}.Release|x64.Build.0 = Release|x64
		{617038B3-EC14-39E8-A1F1-FBBEA3EB8EAF}.MinSizeRel|x64.ActiveCfg = MinSizeRel|x64
		{617038B3-EC14-39E8-A1F1-FBBEA3EB8EAF}.MinSizeRel|x64.Build.0 = MinSizeRel|x64
		{617038B3-EC14-39E8-A1F1-FBBEA3EB8EAF}.RelWithDebInfo|x64.ActiveCfg = RelWithDebInfo|x64
		{617038B3-EC14-39E8-A1F1-FBBEA3EB8EAF}.RelWithDebInfo|x64.Build.0 = RelWithDebInfo|x64
		{BFEC940F-7601-3BB0-B134-7C14103E3A02}.Debug|x64.ActiveCfg = Debug|x64
		{BFEC940F-7601-3BB0-B134-7C14103E3A02}.Debug|x64.Build.0 = Debug|x64
		{BFEC940F-7601-3BB0-B134-7C14103E3A02}.Release|x64.ActiveCfg = Release|x64
		{BFEC940F-7601-3BB0-B134-7C14103E3A02}.Release|x64.Build.0 = Release|x64
		{BFEC940F-7601-3BB0-B134-7C14103E3A02}.MinSizeRel|x64.ActiveCfg = MinSizeRel|x64
		{BFEC940F-7601-3BB0-B134-7C14103E3A02}.MinSizeRel|x64.Build.0 = MinSizeRel|x64
		{BFEC940F-7601-3BB0-B134-7C14103E3A02}.RelWithDebInfo|x64.ActiveCfg = RelWithDebInfo|x64
		{BFEC940F-7601-3BB0-B134-7C14103E3A02}.RelWithDebInfo|x64.Build.0 = RelWithDebInfo|x64
		{4DB6B9FE-65BA-3881-9A49-3EBC4209FAA0}.Debug|x64.ActiveCfg = Debug|x64
		{4DB6B9FE-65BA-3881-9A49-3EBC4209FAA0}.Debug|x64.Build.0 = Debug|x64
		{4DB6B9FE-65BA-3881-9A49-3EBC4209FAA0}.Release|x64.ActiveCfg = Release|x64
		{4DB6B9FE-65BA-3881-9A49-3EBC4209FAA0}.Release|x64.Build.0 = Release|x64
		{4DB6B9FE-65BA-3881-9A49-3EBC4209FAA0}.MinSizeRel|x64.ActiveCfg = MinSizeRel|x64
		{4DB6B9FE-65BA-3881-9A49-3EBC4209FAA0}.MinSizeRel|x64.Build.0 = MinSizeRel|x64
		{4DB6B9FE-65BA-3881-9A49-3EBC4209FAA0}.RelWithDebInfo|x64.ActiveCfg = RelWithDebInfo|x64
		{4DB6B9FE-65BA-3881-9A49-3EBC4209FAA0}.RelWithDebInfo|x64.Build.0 = RelWithDebInfo|x64
		{C149EA0F-0CCC-3A4E-9708-8276FCEB419B}.Debug|x64.ActiveCfg = Debug|x64
		{C149EA0F-0CCC-3A4E-9708-8276FCEB419B}.Debug|x64.Build.0 = Debug|x64
		{C149EA0F-0CCC-3A4E-9708-8276FCEB419B}.Release|x64.ActiveCfg = Release|x64
		{C149EA0F-0CCC-3A4E-9708-8276FCEB419B}.Release|x64.Build.0 = Release|x64
		{C149EA0F-0CCC-3A4E-9708-8276FCEB419B}.MinSizeRel|x64.ActiveCfg = MinSizeRel|x64
		{C149EA0F-0CCC-3A4E-9708-8276FCEB419B}.MinSizeRel|x64.Build.0 = MinSizeRel|x64
		{C149EA0F-0CCC-3A4E-9708-8276FCEB419B}.RelWithDebInfo|x64.ActiveCfg = RelWithDebInfo|x64
		{C149EA0F-0CCC-3A4E-9708-8276FCEB419B}.RelWithDebInfo|x64.Build.0 = RelWithDebInfo|x64
		{1923EFC8-BD20-387C-BE48-9CC551E35166}.Debug|x64.ActiveCfg = Debug|x64
		{1923EFC8-BD20-387C-BE48-9CC551E35166}.Debug|x64.Build.0 = Debug|x64
		{1923EFC8-BD20-387C-BE48-9CC551E35166}.Release|x64.ActiveCfg = Release|x64
		{1923EFC8-BD20-387C-BE48-9CC551E35166}.Release|x64.Build.0 = Release|x64
		{1923EFC8-BD20-387C-BE48-9CC551E35166}.MinSizeRel|x64.ActiveCfg = MinSizeRel|x64
		{1923EFC8-BD20-387C-BE48-9CC551E35166}.MinSizeRel|x64.Build.0 = MinSizeRel|x64
		{1923EFC8-BD20-387C-BE48-9CC551E35166}.RelWithDebInfo|x64.ActiveCfg = RelWithDebInfo|x64
		{1923EFC8-BD20-387C-BE48-9CC551E35166}.RelWithDebInfo|x64.Build.0 = RelWithDebInfo|x64
	EndGlobalSection
	GlobalSection(NestedProjects) = preSolution
		{7F085996-D9D2-3FFE-8D47-264037C1D0D8} = {7CAC70AE-BF86-3FE3-800A-66E364028484}
		{C149EA0F-0CCC-3A4E-9708-8276FCEB419B} = {7CAC70AE-BF86-3FE3-800A-66E364028484}
		{6E0555BD-271A-3749-A7CE-EFC61253F4E2} = {209AD659-5F1F-3906-8087-7F64C1F9C6C6}
		{604DF482-2DF0-33B4-9758-6ED4A1C6D2DB} = {209AD659-5F1F-3906-8087-7F64C1F9C6C6}
		{313C42BE-D091-3CE0-B2EA-9F5EDACB4089} = {209AD659-5F1F-3906-8087-7F64C1F9C6C6}
		{533B7739-1A42-3464-AD36-AD68B5DD7D98} = {209AD659-5F1F-3906-8087-7F64C1F9C6C6}
		{617038B3-EC14-39E8-A1F1-FBBEA3EB8EAF} = {209AD659-5F1F-3906-8087-7F64C1F9C6C6}
		{BFEC940F-7601-3BB0-B134-7C14103E3A02} = {209AD659-5F1F-3906-8087-7F64C1F9C6C6}
		{1923EFC8-BD20-387C-BE48-9CC551E35166} = {209AD659-5F1F-3906-8087-7F64C1F9C6C6}
		{22251AEE-F6A4-383D-8317-D397F4638E7F} = {40BAB6E6-57E1-305A-97A5-1468827F0FBE}
		{F91A8E8E-AAFB-3F0A-BB73-60AF2637CE09} = {40BAB6E6-57E1-305A-97A5-1468827F0FBE}
		{77CE103B-279F-37DA-A3C1-D55736375636} = {40BAB6E6-57E1-305A-97A5-1468827F0FBE}
		{D012D4E6-1455-3035-83E3-DA287455E51B} = {40BAB6E6-57E1-305A-97A5-1468827F0FBE}
		{10DD5CDF-54A6-30C6-82A1-FC36B106278F} = {40BAB6E6-57E1-305A-97A5-1468827F0FBE}
		{4DB6B9FE-65BA-3881-9A49-3EBC4209FAA0} = {40BAB6E6-57E1-305A-97A5-1468827F0FBE}
	EndGlobalSection
	GlobalSection(ExtensibilityGlobals) = postSolution
		SolutionGuid = {EDAFAE81-CEF1-3B7F-A887-F27576432998}
	EndGlobalSection
	GlobalSection(ExtensibilityAddIns) = postSolution
	EndGlobalSection
EndGlobal
